{
   "name": "automated-rec-release-b-1",
   "version": "1.0.8",
   "lockfileVersion": 1,
   "requires": true,
   "dependencies": {
     "automated-rec-release-c": {
       "version": "1.0.4-LIT-12345-0",
       "resolved": "https://registry.npmjs.org/automated-rec-release-c/-/automated-rec-release-c-1.0.4-LIT-12345-0.tgz",
       "integrity": "sha512-uGdsAh/UWqvkM7jGu1KB1J7tLVvWcfcO+sPyeAj4QhuFv7HV6CCAc9mdHOkdJxZAJMmIxu18GTei8tXfgI7vtg==",
       "requires": {
         "automated-rec-release-d": "^1.0.0"
       }
     },
     "automated-rec-release-d": {
       "version": "1.0.2",
       "resolved": "https://registry.npmjs.org/automated-rec-release-d/-/automated-rec-release-d-1.0.2.tgz",
       "integrity": "sha512-Ph3LYAcZ4uVrk/QJGEqqv25k0YZ70W92Og36+D+VPNIaOF9FGrQBf4+/1WosadRRhzpuq8YipI3pClVp7DEIhg=="
     }
   }
 }