{
   "name": "automated-rec-release-b-1",
   "version": "1.0.8-LIT-12345-0",
   "lockfileVersion": 1,
   "requires": true,
   "dependencies": {
     "automated-rec-release-c": {
       "version": "1.0.4-LIT-12345-2",
       "resolved": "https://registry.npmjs.org/automated-rec-release-c/-/automated-rec-release-c-1.0.4-LIT-12345-2.tgz",
       "integrity": "sha512-8SaOWhS5ZruJ/4yKcXuJShXgsm4TY9d+14L+f3C8sJoF18ay4tPr/RM9N2HJXcf5BCbHsx/xzzYy7L2mZpB/jQ==",
       "requires": {
         "automated-rec-release-d": "^1.0.0"
       }
     },
     "automated-rec-release-d": {
       "version": "1.0.2",
       "resolved": "https://registry.npmjs.org/automated-rec-release-d/-/automated-rec-release-d-1.0.2.tgz",
       "integrity": "sha512-Ph3LYAcZ4uVrk/QJGEqqv25k0YZ70W92Og36+D+VPNIaOF9FGrQBf4+/1WosadRRhzpuq8YipI3pClVp7DEIhg=="
     }
   }
 }