{
   "name": "automated-rec-release-b-1",
   "version": "1.0.9",
   "lockfileVersion": 1,
   "requires": true,
   "dependencies": {
     "automated-rec-release-c": {
       "version": "1.0.7",
       "resolved": "https://registry.npmjs.org/automated-rec-release-c/-/automated-rec-release-c-1.0.7.tgz",
       "integrity": "sha512-coA2fMeeDVu39smwvoAOaaA8cZfFG1eqbnJ4ztGn1eF+h0gUfI4I2D6SzHfErjQ8OAmaCqPibKs5ewz23U8MEQ==",
       "requires": {
         "automated-rec-release-d": "^1.0.0"
       }
     },
     "automated-rec-release-d": {
       "version": "1.0.2",
       "resolved": "https://registry.npmjs.org/automated-rec-release-d/-/automated-rec-release-d-1.0.2.tgz",
       "integrity": "sha512-Ph3LYAcZ4uVrk/QJGEqqv25k0YZ70W92Og36+D+VPNIaOF9FGrQBf4+/1WosadRRhzpuq8YipI3pClVp7DEIhg=="
     }
   }
 }